PODS:
  - libjingle_peerconnection (11177.2.0)
  - Socket.IO-Client-Swift (8.2.0)

DEPENDENCIES:
  - libjingle_peerconnection
  - Socket.IO-Client-Swift

SPEC CHECKSUMS:
  libjingle_peerconnection: 3458f646ddd61f08a9f3a0c43fb01fff5c165eb8
  Socket.IO-Client-Swift: 900cf511777045c80d1ce1f11f71261e87765dd1

PODFILE CHECKSUM: f16c6511ff40c0af4ba65fdb08bd6be0c20bdc62

COCOAPODS: 1.2.0
